
Microsoft Visual Studio Solution File, Format Version 12.00
# Visual Studio Version 17
VisualStudioVersion = 17.0.31903.59
MinimumVisualStudioVersion = 10.0.40219.1
Project("{2150E333-8FDC-42A3-9474-1A3956D46DE8}") = "src", "src", "{827E0CD3-B72D-47B6-A68D-7590B98EB39B}"
EndProject
Project("{FAE04EC0-301F-11D3-BF4B-00C04F79EFBC}") = "WebMovie.Domain", "src\WebMovie.Domain\WebMovie.Domain.csproj", "{C3D6C2F7-5E3F-4D5F-B069-B8A016D372DA}"
EndProject
Project("{FAE04EC0-301F-11D3-BF4B-00C04F79EFBC}") = "WebMovie.Application", "src\WebMovie.Application\WebMovie.Application.csproj", "{D90248BC-0836-4AF9-8CF8-C92D8616C2D6}"
EndProject
Project("{FAE04EC0-301F-11D3-BF4B-00C04F79EFBC}") = "WebMovie.Infrastructure", "src\WebMovie.Infrastructure\WebMovie.Infrastructure.csproj", "{79C44D4C-AE19-48FC-9A65-ABF1657C336E}"
EndProject
Project("{FAE04EC0-301F-11D3-BF4B-00C04F79EFBC}") = "WebMovie.API", "src\WebMovie.API\WebMovie.API.csproj", "{D9C45154-70FB-4025-B42D-8DA42C8503EA}"
EndProject
Global
	GlobalSection(SolutionConfigurationPlatforms) = preSolution
		Debug|Any CPU = Debug|Any CPU
		Debug|x64 = Debug|x64
		Debug|x86 = Debug|x86
		Release|Any CPU = Release|Any CPU
		Release|x64 = Release|x64
		Release|x86 = Release|x86
	EndGlobalSection
	GlobalSection(ProjectConfigurationPlatforms) = postSolution
		{C3D6C2F7-5E3F-4D5F-B069-B8A016D372DA}.Debug|Any CPU.ActiveCfg = Debug|Any CPU
		{C3D6C2F7-5E3F-4D5F-B069-B8A016D372DA}.Debug|Any CPU.Build.0 = Debug|Any CPU
		{C3D6C2F7-5E3F-4D5F-B069-B8A016D372DA}.Debug|x64.ActiveCfg = Debug|Any CPU
		{C3D6C2F7-5E3F-4D5F-B069-B8A016D372DA}.Debug|x64.Build.0 = Debug|Any CPU
		{C3D6C2F7-5E3F-4D5F-B069-B8A016D372DA}.Debug|x86.ActiveCfg = Debug|Any CPU
		{C3D6C2F7-5E3F-4D5F-B069-B8A016D372DA}.Debug|x86.Build.0 = Debug|Any CPU
		{C3D6C2F7-5E3F-4D5F-B069-B8A016D372DA}.Release|Any CPU.ActiveCfg = Release|Any CPU
		{C3D6C2F7-5E3F-4D5F-B069-B8A016D372DA}.Release|Any CPU.Build.0 = Release|Any CPU
		{C3D6C2F7-5E3F-4D5F-B069-B8A016D372DA}.Release|x64.ActiveCfg = Release|Any CPU
		{C3D6C2F7-5E3F-4D5F-B069-B8A016D372DA}.Release|x64.Build.0 = Release|Any CPU
		{C3D6C2F7-5E3F-4D5F-B069-B8A016D372DA}.Release|x86.ActiveCfg = Release|Any CPU
		{C3D6C2F7-5E3F-4D5F-B069-B8A016D372DA}.Release|x86.Build.0 = Release|Any CPU
		{D90248BC-0836-4AF9-8CF8-C92D8616C2D6}.Debug|Any CPU.ActiveCfg = Debug|Any CPU
		{D90248BC-0836-4AF9-8CF8-C92D8616C2D6}.Debug|Any CPU.Build.0 = Debug|Any CPU
		{D90248BC-0836-4AF9-8CF8-C92D8616C2D6}.Debug|x64.ActiveCfg = Debug|Any CPU
		{D90248BC-0836-4AF9-8CF8-C92D8616C2D6}.Debug|x64.Build.0 = Debug|Any CPU
		{D90248BC-0836-4AF9-8CF8-C92D8616C2D6}.Debug|x86.ActiveCfg = Debug|Any CPU
		{D90248BC-0836-4AF9-8CF8-C92D8616C2D6}.Debug|x86.Build.0 = Debug|Any CPU
		{D90248BC-0836-4AF9-8CF8-C92D8616C2D6}.Release|Any CPU.ActiveCfg = Release|Any CPU
		{D90248BC-0836-4AF9-8CF8-C92D8616C2D6}.Release|Any CPU.Build.0 = Release|Any CPU
		{D90248BC-0836-4AF9-8CF8-C92D8616C2D6}.Release|x64.ActiveCfg = Release|Any CPU
		{D90248BC-0836-4AF9-8CF8-C92D8616C2D6}.Release|x64.Build.0 = Release|Any CPU
		{D90248BC-0836-4AF9-8CF8-C92D8616C2D6}.Release|x86.ActiveCfg = Release|Any CPU
		{D90248BC-0836-4AF9-8CF8-C92D8616C2D6}.Release|x86.Build.0 = Release|Any CPU
		{79C44D4C-AE19-48FC-9A65-ABF1657C336E}.Debug|Any CPU.ActiveCfg = Debug|Any CPU
		{79C44D4C-AE19-48FC-9A65-ABF1657C336E}.Debug|Any CPU.Build.0 = Debug|Any CPU
		{79C44D4C-AE19-48FC-9A65-ABF1657C336E}.Debug|x64.ActiveCfg = Debug|Any CPU
		{79C44D4C-AE19-48FC-9A65-ABF1657C336E}.Debug|x64.Build.0 = Debug|Any CPU
		{79C44D4C-AE19-48FC-9A65-ABF1657C336E}.Debug|x86.ActiveCfg = Debug|Any CPU
		{79C44D4C-AE19-48FC-9A65-ABF1657C336E}.Debug|x86.Build.0 = Debug|Any CPU
		{79C44D4C-AE19-48FC-9A65-ABF1657C336E}.Release|Any CPU.ActiveCfg = Release|Any CPU
		{79C44D4C-AE19-48FC-9A65-ABF1657C336E}.Release|Any CPU.Build.0 = Release|Any CPU
		{79C44D4C-AE19-48FC-9A65-ABF1657C336E}.Release|x64.ActiveCfg = Release|Any CPU
		{79C44D4C-AE19-48FC-9A65-ABF1657C336E}.Release|x64.Build.0 = Release|Any CPU
		{79C44D4C-AE19-48FC-9A65-ABF1657C336E}.Release|x86.ActiveCfg = Release|Any CPU
		{79C44D4C-AE19-48FC-9A65-ABF1657C336E}.Release|x86.Build.0 = Release|Any CPU
		{D9C45154-70FB-4025-B42D-8DA42C8503EA}.Debug|Any CPU.ActiveCfg = Debug|Any CPU
		{D9C45154-70FB-4025-B42D-8DA42C8503EA}.Debug|Any CPU.Build.0 = Debug|Any CPU
		{D9C45154-70FB-4025-B42D-8DA42C8503EA}.Debug|x64.ActiveCfg = Debug|Any CPU
		{D9C45154-70FB-4025-B42D-8DA42C8503EA}.Debug|x64.Build.0 = Debug|Any CPU
		{D9C45154-70FB-4025-B42D-8DA42C8503EA}.Debug|x86.ActiveCfg = Debug|Any CPU
		{D9C45154-70FB-4025-B42D-8DA42C8503EA}.Debug|x86.Build.0 = Debug|Any CPU
		{D9C45154-70FB-4025-B42D-8DA42C8503EA}.Release|Any CPU.ActiveCfg = Release|Any CPU
		{D9C45154-70FB-4025-B42D-8DA42C8503EA}.Release|Any CPU.Build.0 = Release|Any CPU
		{D9C45154-70FB-4025-B42D-8DA42C8503EA}.Release|x64.ActiveCfg = Release|Any CPU
		{D9C45154-70FB-4025-B42D-8DA42C8503EA}.Release|x64.Build.0 = Release|Any CPU
		{D9C45154-70FB-4025-B42D-8DA42C8503EA}.Release|x86.ActiveCfg = Release|Any CPU
		{D9C45154-70FB-4025-B42D-8DA42C8503EA}.Release|x86.Build.0 = Release|Any CPU
	EndGlobalSection
	GlobalSection(SolutionProperties) = preSolution
		HideSolutionNode = FALSE
	EndGlobalSection
	GlobalSection(NestedProjects) = preSolution
		{C3D6C2F7-5E3F-4D5F-B069-B8A016D372DA} = {827E0CD3-B72D-47B6-A68D-7590B98EB39B}
		{D90248BC-0836-4AF9-8CF8-C92D8616C2D6} = {827E0CD3-B72D-47B6-A68D-7590B98EB39B}
		{79C44D4C-AE19-48FC-9A65-ABF1657C336E} = {827E0CD3-B72D-47B6-A68D-7590B98EB39B}
		{D9C45154-70FB-4025-B42D-8DA42C8503EA} = {827E0CD3-B72D-47B6-A68D-7590B98EB39B}
	EndGlobalSection
EndGlobal
